#
# This file is autogenerated by pip-compile with Python 3.13
# by the following command:
#
#    pip-compile --generate-hashes --output-file=requirements-groundtruth.lock requirements-groundtruth.in
#
capstone==5.0.9 \
    --hash=sha256:0429af292ddc604d3c9344696807e281d5e728db029f00e6a4ea9e3bff1aac9e \
    --hash=sha256:0cc3b1ec319ab0530efc6b181491b77dd3373c81b6dbcf2f05a80e3d8dd61d5e \
    --hash=sha256:1f5871b57e987d5bf23b531fbe868211b74ad750fa9b830a3d3cdc4956bc0ae3 \
    --hash=sha256:273fd8d747d2e35c88f91450be51a603ecfaafb00d96d9f315dcb8689c86193e \
    --hash=sha256:41772ad0c71aa5d3e97d541e802593c2e71fb94ac7e20d4202f97ce2a3eb8ed5 \
    --hash=sha256:58a874d9a6cb15122135b1385a782e5b54c8a4d9396161b6498465046d2e0442 \
    --hash=sha256:69064219c814ad64af35469a7c4ddd19b730cacb96a1a796435ccde0e1567d05 \
    --hash=sha256:732cedbbb56d42e723f14d7af6387f1454194a820b4b96b56d1e53f865ef85d0 \
    --hash=sha256:8c4a1d7134d7d5290e5d77066500385f2c7a4bf66835ccbfde5180042d508b3c \
    --hash=sha256:cfec34e6e01472fe60850c87c5bea9918c274fa2a605b510e6489bf87c0c9960 \
    --hash=sha256:fc269c5082e17d7f9f265cd6980e2fdc6ab572df913951d76db0357e06b8001d
    # via -r requirements-groundtruth.in
pyelftools==0.33 \
    --hash=sha256:660d82dcbeb8e83d1702bd97f223f761625da06111c0cc988eac6b8ab0c1b61f \
    --hash=sha256:f215ad5f47d3f1373a21496a6c9e0707c622840d0622f23ff7ce08678b020036
    # via -r requirements-groundtruth.in
